// !$*UTF8*$!
{
	archiveVersion = 1;
	classes = {
	};
	objectVersion = 50;
	objects = {

/* Begin PBXBuildFile section */
		D8D548DF26ECB62400533979 /* UserModule.framework in Frameworks */ = {isa = PBXBuildFile; fileRef = D8D548D526ECB62300533979 /* UserModule.framework */; };
		D8D548E426ECB62400533979 /* UserModuleTests.swift in Sources */ = {isa = PBXBuildFile; fileRef = D8D548E326ECB62400533979 /* UserModuleTests.swift */; };
		D8D548E626ECB62400533979 /* UserModule.h in Headers */ = {isa = PBXBuildFile; fileRef = D8D548D826ECB62300533979 /* UserModule.h */; settings = {ATTRIBUTES = (Public, ); }; };
		D8D548F326ECB67B00533979 /* UserModule.swift in Sources */ = {isa = PBXBuildFile; fileRef = D8D548EF26ECB67B00533979 /* UserModule.swift */; };
		D8D548F426ECB67B00533979 /* UserRootViewController.swift in Sources */ = {isa = PBXBuildFile; fileRef = D8D548F026ECB67B00533979 /* UserRootViewController.swift */; };
		D8D548F526ECB67B00533979 /* UserDetailsViewController.xib in Resources */ = {isa = PBXBuildFile; fileRef = D8D548F126ECB67B00533979 /* UserDetailsViewController.xib */; };
		D8D548F626ECB67B00533979 /* UserDetailsViewController.swift in Sources */ = {isa = PBXBuildFile; fileRef = D8D548F226ECB67B00533979 /* UserDetailsViewController.swift */; };
/* End PBXBuildFile section */

/* Begin PBXContainerItemProxy section */
		D8D548E026ECB62400533979 /* PBXContainerItemProxy */ = {
			isa = PBXContainerItemProxy;
			containerPortal = D8D548CC26ECB62300533979 /* Project object */;
			proxyType = 1;
			remoteGlobalIDString = D8D548D426ECB62300533979;
			remoteInfo = UserModule;
		};
/* End PBXContainerItemProxy section */

/* Begin PBXFileReference section */
		D8D548D526ECB62300533979 /* UserModule.framework */ = {isa = PBXFileReference; explicitFileType = wrapper.framework; includeInIndex = 0; path = UserModule.framework; sourceTree = BUILT_PRODUCTS_DIR; };
		D8D548D826ECB62300533979 /* UserModule.h */ = {isa = PBXFileReference; lastKnownFileType = sourcecode.c.h; path = UserModule.h; sourceTree = "<group>"; };
		D8D548D926ECB62300533979 /* Info.plist */ = {isa = PBXFileReference; lastKnownFileType = text.plist.xml; path = Info.plist; sourceTree = "<group>"; };
		D8D548DE26ECB62400533979 /* UserModuleTests.xctest */ = {isa = PBXFileReference; explicitFileType = wrapper.cfbundle; includeInIndex = 0; path = UserModuleTests.xctest; sourceTree = BUILT_PRODUCTS_DIR; };
		D8D548E326ECB62400533979 /* UserModuleTests.swift */ = {isa = PBXFileReference; lastKnownFileType = sourcecode.swift; path = UserModuleTests.swift; sourceTree = "<group>"; };
		D8D548E526ECB62400533979 /* Info.plist */ = {isa = PBXFileReference; lastKnownFileType = text.plist.xml; path = Info.plist; sourceTree = "<group>"; };
		D8D548EF26ECB67B00533979 /* UserModule.swift */ = {isa = PBXFileReference; fileEncoding = 4; lastKnownFileType = sourcecode.swift; path = UserModule.swift; sourceTree = "<group>"; };
		D8D548F026ECB67B00533979 /* UserRootViewController.swift */ = {isa = PBXFileReference; fileEncoding = 4; lastKnownFileType = sourcecode.swift; path = UserRootViewController.swift; sourceTree = "<group>"; };
		D8D548F126ECB67B00533979 /* UserDetailsViewController.xib */ = {isa = PBXFileReference; fileEncoding = 4; lastKnownFileType = file.xib; path = UserDetailsViewController.xib; sourceTree = "<group>"; };
		D8D548F226ECB67B00533979 /* UserDetailsViewController.swift */ = {isa = PBXFileReference; fileEncoding = 4; lastKnownFileType = sourcecode.swift; path = UserDetailsViewController.swift; sourceTree = "<group>"; };
		D8D5491C26ECB6F800533979 /* MAFNavigationRegistry.framework */ = {isa = PBXFileReference; explicitFileType = wrapper.framework; path = MAFNavigationRegistry.framework; sourceTree = BUILT_PRODUCTS_DIR; };
/* End PBXFileReference section */

/* Begin PBXFrameworksBuildPhase section */
		D8D548D226ECB62300533979 /* Frameworks */ = {
			isa = PBXFrameworksBuildPhase;
			buildActionMask = 2147483647;
			files = (
			);
			runOnlyForDeploymentPostprocessing = 0;
		};
		D8D548DB26ECB62400533979 /* Frameworks */ = {
			isa = PBXFrameworksBuildPhase;
			buildActionMask = 2147483647;
			files = (
				D8D548DF26ECB62400533979 /* UserModule.framework in Frameworks */,
			);
			runOnlyForDeploymentPostprocessing = 0;
		};
/* End PBXFrameworksBuildPhase section */

/* Begin PBXGroup section */
		D8D548CB26ECB62300533979 = {
			isa = PBXGroup;
			children = (
				D8D548D726ECB62300533979 /* UserModule */,
				D8D548E226ECB62400533979 /* UserModuleTests */,
				D8D548D626ECB62300533979 /* Products */,
				D8D5491B26ECB6F800533979 /* Frameworks */,
			);
			sourceTree = "<group>";
		};
		D8D548D626ECB62300533979 /* Products */ = {
			isa = PBXGroup;
			children = (
				D8D548D526ECB62300533979 /* UserModule.framework */,
				D8D548DE26ECB62400533979 /* UserModuleTests.xctest */,
			);
			name = Products;
			sourceTree = "<group>";
		};
		D8D548D726ECB62300533979 /* UserModule */ = {
			isa = PBXGroup;
			children = (
				D8D548F226ECB67B00533979 /* UserDetailsViewController.swift */,
				D8D548F126ECB67B00533979 /* UserDetailsViewController.xib */,
				D8D548EF26ECB67B00533979 /* UserModule.swift */,
				D8D548F026ECB67B00533979 /* UserRootViewController.swift */,
				D8D548D826ECB62300533979 /* UserModule.h */,
				D8D548D926ECB62300533979 /* Info.plist */,
			);
			path = UserModule;
			sourceTree = "<group>";
		};
		D8D548E226ECB62400533979 /* UserModuleTests */ = {
			isa = PBXGroup;
			children = (
				D8D548E326ECB62400533979 /* UserModuleTests.swift */,
				D8D548E526ECB62400533979 /* Info.plist */,
			);
			path = UserModuleTests;
			sourceTree = "<group>";
		};
		D8D5491B26ECB6F800533979 /* Frameworks */ = {
			isa = PBXGroup;
			children = (
				D8D5491C26ECB6F800533979 /* MAFNavigationRegistry.framework */,
			);
			name = Frameworks;
			sourceTree = "<group>";
		};
/* End PBXGroup section */

/* Begin PBXHeadersBuildPhase section */
		D8D548D026ECB62300533979 /* Headers */ = {
			isa = PBXHeadersBuildPhase;
			buildActionMask = 2147483647;
			files = (
				D8D548E626ECB62400533979 /* UserModule.h in Headers */,
			);
			runOnlyForDeploymentPostprocessing = 0;
		};
/* End PBXHeadersBuildPhase section */

/* Begin PBXNativeTarget section */
		D8D548D426ECB62300533979 /* UserModule */ = {
			isa = PBXNativeTarget;
			buildConfigurationList = D8D548E926ECB62400533979 /* Build configuration list for PBXNativeTarget "UserModule" */;
			buildPhases = (
				D8D548D026ECB62300533979 /* Headers */,
				D8D548D126ECB62300533979 /* Sources */,
				D8D548D226ECB62300533979 /* Frameworks */,
				D8D548D326ECB62300533979 /* Resources */,
			);
			buildRules = (
			);
			dependencies = (
			);
			name = UserModule;
			productName = UserModule;
			productReference = D8D548D526ECB62300533979 /* UserModule.framework */;
			productType = "com.apple.product-type.framework";
		};
		D8D548DD26ECB62400533979 /* UserModuleTests */ = {
			isa = PBXNativeTarget;
			buildConfigurationList = D8D548EC26ECB62400533979 /* Build configuration list for PBXNativeTarget "UserModuleTests" */;
			buildPhases = (
				D8D548DA26ECB62400533979 /* Sources */,
				D8D548DB26ECB62400533979 /* Frameworks */,
				D8D548DC26ECB62400533979 /* Resources */,
			);
			buildRules = (
			);
			dependencies = (
				D8D548E126ECB62400533979 /* PBXTargetDependency */,
			);
			name = UserModuleTests;
			productName = UserModuleTests;
			productReference = D8D548DE26ECB62400533979 /* UserModuleTests.xctest */;
			productType = "com.apple.product-type.bundle.unit-test";
		};
/* End PBXNativeTarget section */

/* Begin PBXProject section */
		D8D548CC26ECB62300533979 /* Project object */ = {
			isa = PBXProject;
			attributes = {
				LastSwiftUpdateCheck = 1250;
				LastUpgradeCheck = 1250;
				TargetAttributes = {
					D8D548D426ECB62300533979 = {
						CreatedOnToolsVersion = 12.5.1;
						LastSwiftMigration = 1250;
					};
					D8D548DD26ECB62400533979 = {
						CreatedOnToolsVersion = 12.5.1;
					};
				};
			};
			buildConfigurationList = D8D548CF26ECB62300533979 /* Build configuration list for PBXProject "UserModule" */;
			compatibilityVersion = "Xcode 9.3";
			developmentRegion = en;
			hasScannedForEncodings = 0;
			knownRegions = (
				en,
				Base,
			);
			mainGroup = D8D548CB26ECB62300533979;
			productRefGroup = D8D548D626ECB62300533979 /* Products */;
			projectDirPath = "";
			projectRoot = "";
			targets = (
				D8D548D426ECB62300533979 /* UserModule */,
				D8D548DD26ECB62400533979 /* UserModuleTests */,
			);
		};
/* End PBXProject section */

/* Begin PBXResourcesBuildPhase section */
		D8D548D326ECB62300533979 /* Resources */ = {
			isa = PBXResourcesBuildPhase;
			buildActionMask = 2147483647;
			files = (
				D8D548F526ECB67B00533979 /* UserDetailsViewController.xib in Resources */,
			);
			runOnlyForDeploymentPostprocessing = 0;
		};
		D8D548DC26ECB62400533979 /* Resources */ = {
			isa = PBXResourcesBuildPhase;
			buildActionMask = 2147483647;
			files = (
			);
			runOnlyForDeploymentPostprocessing = 0;
		};
/* End PBXResourcesBuildPhase section */

/* Begin PBXSourcesBuildPhase section */
		D8D548D126ECB62300533979 /* Sources */ = {
			isa = PBXSourcesBuildPhase;
			buildActionMask = 2147483647;
			files = (
				D8D548F326ECB67B00533979 /* UserModule.swift in Sources */,
				D8D548F426ECB67B00533979 /* UserRootViewController.swift in Sources */,
				D8D548F626ECB67B00533979 /* UserDetailsViewController.swift in Sources */,
			);
			runOnlyForDeploymentPostprocessing = 0;
		};
		D8D548DA26ECB62400533979 /* Sources */ = {
			isa = PBXSourcesBuildPhase;
			buildActionMask = 2147483647;
			files = (
				D8D548E426ECB62400533979 /* UserModuleTests.swift in Sources */,
			);
			runOnlyForDeploymentPostprocessing = 0;
		};
/* End PBXSourcesBuildPhase section */

/* Begin PBXTargetDependency section */
		D8D548E126ECB62400533979 /* PBXTargetDependency */ = {
			isa = PBXTargetDependency;
			target = D8D548D426ECB62300533979 /* UserModule */;
			targetProxy = D8D548E026ECB62400533979 /* PBXContainerItemProxy */;
		};
/* End PBXTargetDependency section */

/* Begin XCBuildConfiguration section */
		D8D548E726ECB62400533979 /* Debug */ = {
			isa = XCBuildConfiguration;
			buildSettings = {
				ALWAYS_SEARCH_USER_PATHS = NO;
				CLANG_ANALYZER_NONNULL = YES;
				CLANG_ANALYZER_NUMBER_OBJECT_CONVERSION = YES_AGGRESSIVE;
				CLANG_CXX_LANGUAGE_STANDARD = "gnu++14";
				CLANG_CXX_LIBRARY = "libc++";
				CLANG_ENABLE_MODULES = YES;
				CLANG_ENABLE_OBJC_ARC = YES;
				CLANG_ENABLE_OBJC_WEAK = YES;
				CLANG_WARN_BLOCK_CAPTURE_AUTORELEASING = YES;
				CLANG_WARN_BOOL_CONVERSION = YES;
				CLANG_WARN_COMMA = YES;
				CLANG_WARN_CONSTANT_CONVERSION = YES;
				CLANG_WARN_DEPRECATED_OBJC_IMPLEMENTATIONS = YES;
				CLANG_WARN_DIRECT_OBJC_ISA_USAGE = YES_ERROR;
				CLANG_WARN_DOCUMENTATION_COMMENTS = YES;
				CLANG_WARN_EMPTY_BODY = YES;
				CLANG_WARN_ENUM_CONVERSION = YES;
				CLANG_WARN_INFINITE_RECURSION = YES;
				CLANG_WARN_INT_CONVERSION = YES;
				CLANG_WARN_NON_LITERAL_NULL_CONVERSION = YES;
				CLANG_WARN_OBJC_IMPLICIT_RETAIN_SELF = YES;
				CLANG_WARN_OBJC_LITERAL_CONVERSION = YES;
				CLANG_WARN_OBJC_ROOT_CLASS = YES_ERROR;
				CLANG_WARN_QUOTED_INCLUDE_IN_FRAMEWORK_HEADER = YES;
				CLANG_WARN_RANGE_LOOP_ANALYSIS = YES;
				CLANG_WARN_STRICT_PROTOTYPES = YES;
				CLANG_WARN_SUSPICIOUS_MOVE = YES;
				CLANG_WARN_UNGUARDED_AVAILABILITY = YES_AGGRESSIVE;
				CLANG_WARN_UNREACHABLE_CODE = YES;
				CLANG_WARN__DUPLICATE_METHOD_MATCH = YES;
				COPY_PHASE_STRIP = NO;
				CURRENT_PROJECT_VERSION = 1;
				DEBUG_INFORMATION_FORMAT = dwarf;
				ENABLE_STRICT_OBJC_MSGSEND = YES;
				ENABLE_TESTABILITY = YES;
				GCC_C_LANGUAGE_STANDARD = gnu11;
				GCC_DYNAMIC_NO_PIC = NO;
				GCC_NO_COMMON_BLOCKS = YES;
				GCC_OPTIMIZATION_LEVEL = 0;
				GCC_PREPROCESSOR_DEFINITIONS = (
					"DEBUG=1",
					"$(inherited)",
				);
				GCC_WARN_64_TO_32_BIT_CONVERSION = YES;
				GCC_WARN_ABOUT_RETURN_TYPE = YES_ERROR;
				GCC_WARN_UNDECLARED_SELECTOR = YES;
				GCC_WARN_UNINITIALIZED_AUTOS = YES_AGGRESSIVE;
				GCC_WARN_UNUSED_FUNCTION = YES;
				GCC_WARN_UNUSED_VARIABLE = YES;
				IPHONEOS_DEPLOYMENT_TARGET = 14.5;
				MTL_ENABLE_DEBUG_INFO = INCLUDE_SOURCE;
				MTL_FAST_MATH = YES;
				ONLY_ACTIVE_ARCH = YES;
				SDKROOT = iphoneos;
				SWIFT_ACTIVE_COMPILATION_CONDITIONS = DEBUG;
				SWIFT_OPTIMIZATION_LEVEL = "-Onone";
				VERSIONING_SYSTEM = "apple-generic";
				VERSION_INFO_PREFIX = "";
			};
			name = Debug;
		};
		D8D548E826ECB62400533979 /* Release */ = {
			isa = XCBuildConfiguration;
			buildSettings = {
				ALWAYS_SEARCH_USER_PATHS = NO;
				CLANG_ANALYZER_NONNULL = YES;
				CLANG_ANALYZER_NUMBER_OBJECT_CONVERSION = YES_AGGRESSIVE;
				CLANG_CXX_LANGUAGE_STANDARD = "gnu++14";
				CLANG_CXX_LIBRARY = "libc++";
				CLANG_ENABLE_MODULES = YES;
				CLANG_ENABLE_OBJC_ARC = YES;
				CLANG_ENABLE_OBJC_WEAK = YES;
				CLANG_WARN_BLOCK_CAPTURE_AUTORELEASING = YES;
				CLANG_WARN_BOOL_CONVERSION = YES;
				CLANG_WARN_COMMA = YES;
				CLANG_WARN_CONSTANT_CONVERSION = YES;
				CLANG_WARN_DEPRECATED_OBJC_IMPLEMENTATIONS = YES;
				CLANG_WARN_DIRECT_OBJC_ISA_USAGE = YES_ERROR;
				CLANG_WARN_DOCUMENTATION_COMMENTS = YES;
				CLANG_WARN_EMPTY_BODY = YES;
				CLANG_WARN_ENUM_CONVERSION = YES;
				CLANG_WARN_INFINITE_RECURSION = YES;
				CLANG_WARN_INT_CONVERSION = YES;
				CLANG_WARN_NON_LITERAL_NULL_CONVERSION = YES;
				CLANG_WARN_OBJC_IMPLICIT_RETAIN_SELF = YES;
				CLANG_WARN_OBJC_LITERAL_CONVERSION = YES;
				CLANG_WARN_OBJC_ROOT_CLASS = YES_ERROR;
				CLANG_WARN_QUOTED_INCLUDE_IN_FRAMEWORK_HEADER = YES;
				CLANG_WARN_RANGE_LOOP_ANALYSIS = YES;
				CLANG_WARN_STRICT_PROTOTYPES = YES;
				CLANG_WARN_SUSPICIOUS_MOVE = YES;
				CLANG_WARN_UNGUARDED_AVAILABILITY = YES_AGGRESSIVE;
				CLANG_WARN_UNREACHABLE_CODE = YES;
				CLANG_WARN__DUPLICATE_METHOD_MATCH = YES;
				COPY_PHASE_STRIP = NO;
				CURRENT_PROJECT_VERSION = 1;
				DEBUG_INFORMATION_FORMAT = "dwarf-with-dsym";
				ENABLE_NS_ASSERTIONS = NO;
				ENABLE_STRICT_OBJC_MSGSEND = YES;
				GCC_C_LANGUAGE_STANDARD = gnu11;
				GCC_NO_COMMON_BLOCKS = YES;
				GCC_WARN_64_TO_32_BIT_CONVERSION = YES;
				GCC_WARN_ABOUT_RETURN_TYPE = YES_ERROR;
				GCC_WARN_UNDECLARED_SELECTOR = YES;
				GCC_WARN_UNINITIALIZED_AUTOS = YES_AGGRESSIVE;
				GCC_WARN_UNUSED_FUNCTION = YES;
				GCC_WARN_UNUSED_VARIABLE = YES;
				IPHONEOS_DEPLOYMENT_TARGET = 14.5;
				MTL_ENABLE_DEBUG_INFO = NO;
				MTL_FAST_MATH = YES;
				SDKROOT = iphoneos;
				SWIFT_COMPILATION_MODE = wholemodule;
				SWIFT_OPTIMIZATION_LEVEL = "-O";
				VALIDATE_PRODUCT = YES;
				VERSIONING_SYSTEM = "apple-generic";
				VERSION_INFO_PREFIX = "";
			};
			name = Release;
		};
		D8D548EA26ECB62400533979 /* Debug */ = {
			isa = XCBuildConfiguration;
			buildSettings = {
				CLANG_ENABLE_MODULES = YES;
				CODE_SIGN_STYLE = Automatic;
				DEFINES_MODULE = YES;
				DEVELOPMENT_TEAM = L26296X6MQ;
				DYLIB_COMPATIBILITY_VERSION = 1;
				DYLIB_CURRENT_VERSION = 1;
				DYLIB_INSTALL_NAME_BASE = "@rpath";
				INFOPLIST_FILE = UserModule/Info.plist;
				INSTALL_PATH = "$(LOCAL_LIBRARY_DIR)/Frameworks";
				LD_RUNPATH_SEARCH_PATHS = (
					"$(inherited)",
					"@executable_path/Frameworks",
					"@loader_path/Frameworks",
				);
				PRODUCT_BUNDLE_IDENTIFIER = me.namnguyen.UserModule;
				PRODUCT_NAME = "$(TARGET_NAME:c99extidentifier)";
				SKIP_INSTALL = YES;
				SWIFT_OPTIMIZATION_LEVEL = "-Onone";
				SWIFT_VERSION = 5.0;
				TARGETED_DEVICE_FAMILY = "1,2";
			};
			name = Debug;
		};
		D8D548EB26ECB62400533979 /* Release */ = {
			isa = XCBuildConfiguration;
			buildSettings = {
				CLANG_ENABLE_MODULES = YES;
				CODE_SIGN_STYLE = Automatic;
				DEFINES_MODULE = YES;
				DEVELOPMENT_TEAM = L26296X6MQ;
				DYLIB_COMPATIBILITY_VERSION = 1;
				DYLIB_CURRENT_VERSION = 1;
				DYLIB_INSTALL_NAME_BASE = "@rpath";
				INFOPLIST_FILE = UserModule/Info.plist;
				INSTALL_PATH = "$(LOCAL_LIBRARY_DIR)/Frameworks";
				LD_RUNPATH_SEARCH_PATHS = (
					"$(inherited)",
					"@executable_path/Frameworks",
					"@loader_path/Frameworks",
				);
				PRODUCT_BUNDLE_IDENTIFIER = me.namnguyen.UserModule;
				PRODUCT_NAME = "$(TARGET_NAME:c99extidentifier)";
				SKIP_INSTALL = YES;
				SWIFT_VERSION = 5.0;
				TARGETED_DEVICE_FAMILY = "1,2";
			};
			name = Release;
		};
		D8D548ED26ECB62400533979 /* Debug */ = {
			isa = XCBuildConfiguration;
			buildSettings = {
				ALWAYS_EMBED_SWIFT_STANDARD_LIBRARIES = YES;
				CODE_SIGN_STYLE = Automatic;
				DEVELOPMENT_TEAM = L26296X6MQ;
				INFOPLIST_FILE = UserModuleTests/Info.plist;
				LD_RUNPATH_SEARCH_PATHS = (
					"$(inherited)",
					"@executable_path/Frameworks",
					"@loader_path/Frameworks",
				);
				PRODUCT_BUNDLE_IDENTIFIER = me.namnguyen.UserModuleTests;
				PRODUCT_NAME = "$(TARGET_NAME)";
				SWIFT_VERSION = 5.0;
				TARGETED_DEVICE_FAMILY = "1,2";
			};
			name = Debug;
		};
		D8D548EE26ECB62400533979 /* Release */ = {
			isa = XCBuildConfiguration;
			buildSettings = {
				ALWAYS_EMBED_SWIFT_STANDARD_LIBRARIES = YES;
				CODE_SIGN_STYLE = Automatic;
				DEVELOPMENT_TEAM = L26296X6MQ;
				INFOPLIST_FILE = UserModuleTests/Info.plist;
				LD_RUNPATH_SEARCH_PATHS = (
					"$(inherited)",
					"@executable_path/Frameworks",
					"@loader_path/Frameworks",
				);
				PRODUCT_BUNDLE_IDENTIFIER = me.namnguyen.UserModuleTests;
				PRODUCT_NAME = "$(TARGET_NAME)";
				SWIFT_VERSION = 5.0;
				TARGETED_DEVICE_FAMILY = "1,2";
			};
			name = Release;
		};
/* End XCBuildConfiguration section */

/* Begin XCConfigurationList section */
		D8D548CF26ECB62300533979 /* Build configuration list for PBXProject "UserModule" */ = {
			isa = XCConfigurationList;
			buildConfigurations = (
				D8D548E726ECB62400533979 /* Debug */,
				D8D548E826ECB62400533979 /* Release */,
			);
			defaultConfigurationIsVisible = 0;
			defaultConfigurationName = Release;
		};
		D8D548E926ECB62400533979 /* Build configuration list for PBXNativeTarget "UserModule" */ = {
			isa = XCConfigurationList;
			buildConfigurations = (
				D8D548EA26ECB62400533979 /* Debug */,
				D8D548EB26ECB62400533979 /* Release */,
			);
			defaultConfigurationIsVisible = 0;
			defaultConfigurationName = Release;
		};
		D8D548EC26ECB62400533979 /* Build configuration list for PBXNativeTarget "UserModuleTests" */ = {
			isa = XCConfigurationList;
			buildConfigurations = (
				D8D548ED26ECB62400533979 /* Debug */,
				D8D548EE26ECB62400533979 /* Release */,
			);
			defaultConfigurationIsVisible = 0;
			defaultConfigurationName = Release;
		};
/* End XCConfigurationList section */
	};
	rootObject = D8D548CC26ECB62300533979 /* Project object */;
}
